
Microsoft Visual Studio Solution File, Format Version 12.00
# Visual Studio 15
VisualStudioVersion = 15.0.27130.2036
MinimumVisualStudioVersion = 10.0.40219.1
Project("{FAE04EC0-301F-11D3-BF4B-00C04F79EFBC}") = "LukeVo.Faith.Website", "LukeVo.Faith.Website\LukeVo.Faith.Website.csproj", "{6EDF9C3F-95E2-46FA-AA30-098D77190641}"
EndProject
Project("{9A19103F-16F7-4668-BE54-9A1E7A4F7556}") = "LukeVo.Faith.MainWebsite", "LukeVo.Faith.MainWebsite\LukeVo.Faith.MainWebsite.csproj", "{49AC9913-F050-4CB6-A5F0-41A71DC4A4DC}"
EndProject
Project("{FAE04EC0-301F-11D3-BF4B-00C04F79EFBC}") = "LukeVo.Faith.Tools", "LukeVo.Faith.Tools\LukeVo.Faith.Tools.csproj", "{AA15ECAA-19AE-42A7-823D-692E34B94B47}"
EndProject
Global
	GlobalSection(SolutionConfigurationPlatforms) = preSolution
		Debug|Any CPU = Debug|Any CPU
		Release|Any CPU = Release|Any CPU
	EndGlobalSection
	GlobalSection(ProjectConfigurationPlatforms) = postSolution
		{6EDF9C3F-95E2-46FA-AA30-098D77190641}.Debug|Any CPU.ActiveCfg = Debug|Any CPU
		{6EDF9C3F-95E2-46FA-AA30-098D77190641}.Debug|Any CPU.Build.0 = Debug|Any CPU
		{6EDF9C3F-95E2-46FA-AA30-098D77190641}.Release|Any CPU.ActiveCfg = Release|Any CPU
		{6EDF9C3F-95E2-46FA-AA30-098D77190641}.Release|Any CPU.Build.0 = Release|Any CPU
		{49AC9913-F050-4CB6-A5F0-41A71DC4A4DC}.Debug|Any CPU.ActiveCfg = Debug|Any CPU
		{49AC9913-F050-4CB6-A5F0-41A71DC4A4DC}.Debug|Any CPU.Build.0 = Debug|Any CPU
		{49AC9913-F050-4CB6-A5F0-41A71DC4A4DC}.Release|Any CPU.ActiveCfg = Release|Any CPU
		{49AC9913-F050-4CB6-A5F0-41A71DC4A4DC}.Release|Any CPU.Build.0 = Release|Any CPU
		{AA15ECAA-19AE-42A7-823D-692E34B94B47}.Debug|Any CPU.ActiveCfg = Debug|Any CPU
		{AA15ECAA-19AE-42A7-823D-692E34B94B47}.Debug|Any CPU.Build.0 = Debug|Any CPU
		{AA15ECAA-19AE-42A7-823D-692E34B94B47}.Release|Any CPU.ActiveCfg = Release|Any CPU
		{AA15ECAA-19AE-42A7-823D-692E34B94B47}.Release|Any CPU.Build.0 = Release|Any CPU
	EndGlobalSection
	GlobalSection(SolutionProperties) = preSolution
		HideSolutionNode = FALSE
	EndGlobalSection
	GlobalSection(ExtensibilityGlobals) = postSolution
		SolutionGuid = {DA2D4239-FD9E-48B7-958A-C295C5263026}
	EndGlobalSection
EndGlobal
